lockVersion: 2.0.0
id: 2d20490e-9921-47d5-9711-d3c4b91c8cfa
management:
  docChecksum: 94891daed78ae55c25e2983a02adc27b
  docVersion: 1.0.0
  speakeasyVersion: 1.559.0
  generationVersion: 2.624.0
  releaseVersion: 0.15.1
  configChecksum: dc653c655a3f30c45451ad99da7e0bd9
  repoURL: https://github.com/s2-streamstore/s2-sdk-typescript.git
  installationURL: https://github.com/s2-streamstore/s2-sdk-typescript
  published: true
features:
  typescript:
    acceptHeaders: 2.81.2
    additionalDependencies: 0.1.0
    constsAndDefaults: 0.1.11
    core: 3.21.10
    defaultEnabledRetries: 0.1.0
    devContainers: 2.90.0
    enumUnions: 0.1.0
    envVarSecurityUsage: 0.1.2
    errorUnions: 0.1.1
    globalSecurity: 2.82.13
    globalSecurityCallbacks: 0.1.0
    globalSecurityFlattening: 0.1.0
    globalServerURLs: 2.82.5
    mcpServer: 0.9.2
    methodServerURLs: 2.82.1
    nullables: 0.1.1
    pagination: 2.83.0
    responseFormat: 0.2.3
    retries: 2.83.0
    sdkHooks: 0.3.0
    serverEvents: 0.1.5
    serverEventsSentinels: 0.1.0
    unions: 2.85.9
generatedFiles:
  - .devcontainer/README.md
  - .devcontainer/devcontainer.json
  - .devcontainer/setup.sh
  - .gitattributes
  - .npmignore
  - FUNCTIONS.md
  - RUNTIMES.md
  - USAGE.md
  - docs/lib/utils/retryconfig.md
  - docs/models/components/accesstokeninfo.md
  - docs/models/components/accesstokenscope.md
  - docs/models/components/accountmetricset.md
  - docs/models/components/accumulation.md
  - docs/models/components/appendack.md
  - docs/models/components/appendinput.md
  - docs/models/components/appendrecord.md
  - docs/models/components/basinconfig.md
  - docs/models/components/basininfo.md
  - docs/models/components/basinmetricset.md
  - docs/models/components/basinreconfiguration.md
  - docs/models/components/basinscope.md
  - docs/models/components/basinstate.md
  - docs/models/components/batch.md
  - docs/models/components/createbasinrequest.md
  - docs/models/components/createorreconfigurebasinrequest.md
  - docs/models/components/createorreconfigurebasinrequestscope.md
  - docs/models/components/createstreamrequest.md
  - docs/models/components/errort.md
  - docs/models/components/event.md
  - docs/models/components/exact.md
  - docs/models/components/four.md
  - docs/models/components/gauge.md
  - docs/models/components/gaugevalues.md
  - docs/models/components/issueaccesstokenresponse.md
  - docs/models/components/label.md
  - docs/models/components/listaccesstokensresponse.md
  - docs/models/components/listbasinsresponse.md
  - docs/models/components/liststreamsresponse.md
  - docs/models/components/metric.md
  - docs/models/components/metric1.md
  - docs/models/components/metricsetresponse.md
  - docs/models/components/metricunit.md
  - docs/models/components/one.md
  - docs/models/components/operation.md
  - docs/models/components/permittedoperationgroups.md
  - docs/models/components/ping.md
  - docs/models/components/pingeventdata.md
  - docs/models/components/prefix.md
  - docs/models/components/readbatch.md
  - docs/models/components/readevent.md
  - docs/models/components/readevent2.md
  - docs/models/components/readevent3event.md
  - docs/models/components/readevent4event.md
  - docs/models/components/readeventevent.md
  - docs/models/components/readwritepermissions.md
  - docs/models/components/resourceset.md
  - docs/models/components/retentionpolicy.md
  - docs/models/components/s2format.md
  - docs/models/components/scalar.md
  - docs/models/components/scope.md
  - docs/models/components/security.md
  - docs/models/components/sequencedrecord.md
  - docs/models/components/storageclass.md
  - docs/models/components/streamconfig.md
  - docs/models/components/streaminfo.md
  - docs/models/components/streamposition.md
  - docs/models/components/streamreconfiguration.md
  - docs/models/components/tailresponse.md
  - docs/models/components/three.md
  - docs/models/components/timeseriesinterval.md
  - docs/models/components/timestampingconfig.md
  - docs/models/components/timestampingmode.md
  - docs/models/components/timestampingreconfiguration.md
  - docs/models/components/two.md
  - docs/models/components/values.md
  - docs/models/errors/appendconditionfailed.md
  - docs/models/errors/errorresponse.md
  - docs/models/errors/fencingtoken.md
  - docs/models/errors/seqnum.md
  - docs/models/errors/tailresponse.md
  - docs/models/operations/accountmetricsrequest.md
  - docs/models/operations/appendrequest.md
  - docs/models/operations/basinmetricsrequest.md
  - docs/models/operations/checktailrequest.md
  - docs/models/operations/createorreconfigurebasinrequest.md
  - docs/models/operations/createorreconfigurestreamrequest.md
  - docs/models/operations/createstreamrequest.md
  - docs/models/operations/deletebasinrequest.md
  - docs/models/operations/deletestreamrequest.md
  - docs/models/operations/getbasinconfigrequest.md
  - docs/models/operations/getstreamconfigrequest.md
  - docs/models/operations/listaccesstokensrequest.md
  - docs/models/operations/listbasinsrequest.md
  - docs/models/operations/listbasinsresponse.md
  - docs/models/operations/liststreamsrequest.md
  - docs/models/operations/liststreamsresponse.md
  - docs/models/operations/readrequest.md
  - docs/models/operations/readresponse.md
  - docs/models/operations/reconfigurebasinrequest.md
  - docs/models/operations/reconfigurestreamrequest.md
  - docs/models/operations/revokeaccesstokenrequest.md
  - docs/models/operations/streammetricsrequest.md
  - docs/sdks/accesstokens/README.md
  - docs/sdks/basins/README.md
  - docs/sdks/metrics/README.md
  - docs/sdks/records/README.md
  - docs/sdks/s2/README.md
  - docs/sdks/streams/README.md
  - eslint.config.mjs
  - jsr.json
  - package.json
  - src/core.ts
  - src/funcs/accessTokensIssueAccessToken.ts
  - src/funcs/accessTokensListAccessTokens.ts
  - src/funcs/accessTokensRevokeAccessToken.ts
  - src/funcs/basinsCreateBasin.ts
  - src/funcs/basinsCreateOrReconfigureBasin.ts
  - src/funcs/basinsDeleteBasin.ts
  - src/funcs/basinsGetBasinConfig.ts
  - src/funcs/basinsListBasins.ts
  - src/funcs/basinsReconfigureBasin.ts
  - src/funcs/metricsAccountMetrics.ts
  - src/funcs/metricsBasinMetrics.ts
  - src/funcs/metricsStreamMetrics.ts
  - src/funcs/recordsAppend.ts
  - src/funcs/recordsCheckTail.ts
  - src/funcs/recordsRead.ts
  - src/funcs/streamsCreateOrReconfigureStream.ts
  - src/funcs/streamsCreateStream.ts
  - src/funcs/streamsDeleteStream.ts
  - src/funcs/streamsGetStreamConfig.ts
  - src/funcs/streamsListStreams.ts
  - src/funcs/streamsReconfigureStream.ts
  - src/hooks/hooks.ts
  - src/hooks/index.ts
  - src/hooks/types.ts
  - src/index.ts
  - src/lib/base64.ts
  - src/lib/config.ts
  - src/lib/dlv.ts
  - src/lib/encodings.ts
  - src/lib/env.ts
  - src/lib/event-streams.ts
  - src/lib/files.ts
  - src/lib/http.ts
  - src/lib/is-plain-object.ts
  - src/lib/logger.ts
  - src/lib/matchers.ts
  - src/lib/primitives.ts
  - src/lib/retries.ts
  - src/lib/schemas.ts
  - src/lib/sdks.ts
  - src/lib/security.ts
  - src/lib/url.ts
  - src/mcp-server/build.mts
  - src/mcp-server/cli.ts
  - src/mcp-server/cli/start/command.ts
  - src/mcp-server/cli/start/impl.ts
  - src/mcp-server/console-logger.ts
  - src/mcp-server/extensions.ts
  - src/mcp-server/mcp-server.ts
  - src/mcp-server/prompts.ts
  - src/mcp-server/resources.ts
  - src/mcp-server/scopes.ts
  - src/mcp-server/server.ts
  - src/mcp-server/shared.ts
  - src/mcp-server/tools.ts
  - src/mcp-server/tools/accessTokensIssueAccessToken.ts
  - src/mcp-server/tools/accessTokensListAccessTokens.ts
  - src/mcp-server/tools/accessTokensRevokeAccessToken.ts
  - src/mcp-server/tools/basinsCreateBasin.ts
  - src/mcp-server/tools/basinsCreateOrReconfigureBasin.ts
  - src/mcp-server/tools/basinsDeleteBasin.ts
  - src/mcp-server/tools/basinsGetBasinConfig.ts
  - src/mcp-server/tools/basinsListBasins.ts
  - src/mcp-server/tools/basinsReconfigureBasin.ts
  - src/mcp-server/tools/metricsAccountMetrics.ts
  - src/mcp-server/tools/metricsBasinMetrics.ts
  - src/mcp-server/tools/metricsStreamMetrics.ts
  - src/mcp-server/tools/recordsAppend.ts
  - src/mcp-server/tools/recordsCheckTail.ts
  - src/mcp-server/tools/recordsRead.ts
  - src/mcp-server/tools/streamsCreateOrReconfigureStream.ts
  - src/mcp-server/tools/streamsCreateStream.ts
  - src/mcp-server/tools/streamsDeleteStream.ts
  - src/mcp-server/tools/streamsGetStreamConfig.ts
  - src/mcp-server/tools/streamsListStreams.ts
  - src/mcp-server/tools/streamsReconfigureStream.ts
  - src/models/components/accesstokeninfo.ts
  - src/models/components/accesstokenscope.ts
  - src/models/components/accountmetricset.ts
  - src/models/components/accumulation.ts
  - src/models/components/appendack.ts
  - src/models/components/appendinput.ts
  - src/models/components/appendrecord.ts
  - src/models/components/basinconfig.ts
  - src/models/components/basininfo.ts
  - src/models/components/basinmetricset.ts
  - src/models/components/basinreconfiguration.ts
  - src/models/components/basinscope.ts
  - src/models/components/basinstate.ts
  - src/models/components/createbasinrequest.ts
  - src/models/components/createorreconfigurebasinrequest.ts
  - src/models/components/createstreamrequest.ts
  - src/models/components/gauge.ts
  - src/models/components/index.ts
  - src/models/components/issueaccesstokenresponse.ts
  - src/models/components/label.ts
  - src/models/components/listaccesstokensresponse.ts
  - src/models/components/listbasinsresponse.ts
  - src/models/components/liststreamsresponse.ts
  - src/models/components/metric.ts
  - src/models/components/metricsetresponse.ts
  - src/models/components/metricunit.ts
  - src/models/components/operation.ts
  - src/models/components/permittedoperationgroups.ts
  - src/models/components/pingeventdata.ts
  - src/models/components/readbatch.ts
  - src/models/components/readevent.ts
  - src/models/components/readwritepermissions.ts
  - src/models/components/resourceset.ts
  - src/models/components/retentionpolicy.ts
  - src/models/components/s2format.ts
  - src/models/components/scalar.ts
  - src/models/components/security.ts
  - src/models/components/sequencedrecord.ts
  - src/models/components/storageclass.ts
  - src/models/components/streamconfig.ts
  - src/models/components/streaminfo.ts
  - src/models/components/streamposition.ts
  - src/models/components/streamreconfiguration.ts
  - src/models/components/tailresponse.ts
  - src/models/components/timeseriesinterval.ts
  - src/models/components/timestampingconfig.ts
  - src/models/components/timestampingmode.ts
  - src/models/components/timestampingreconfiguration.ts
  - src/models/errors/apierror.ts
  - src/models/errors/appendconditionfailed.ts
  - src/models/errors/errorresponse.ts
  - src/models/errors/httpclienterrors.ts
  - src/models/errors/index.ts
  - src/models/errors/responsevalidationerror.ts
  - src/models/errors/s2error.ts
  - src/models/errors/sdkvalidationerror.ts
  - src/models/errors/tailresponse.ts
  - src/models/operations/accountmetrics.ts
  - src/models/operations/append.ts
  - src/models/operations/basinmetrics.ts
  - src/models/operations/checktail.ts
  - src/models/operations/createorreconfigurebasin.ts
  - src/models/operations/createorreconfigurestream.ts
  - src/models/operations/createstream.ts
  - src/models/operations/deletebasin.ts
  - src/models/operations/deletestream.ts
  - src/models/operations/getbasinconfig.ts
  - src/models/operations/getstreamconfig.ts
  - src/models/operations/index.ts
  - src/models/operations/listaccesstokens.ts
  - src/models/operations/listbasins.ts
  - src/models/operations/liststreams.ts
  - src/models/operations/read.ts
  - src/models/operations/reconfigurebasin.ts
  - src/models/operations/reconfigurestream.ts
  - src/models/operations/revokeaccesstoken.ts
  - src/models/operations/streammetrics.ts
  - src/sdk/accesstokens.ts
  - src/sdk/basins.ts
  - src/sdk/index.ts
  - src/sdk/metrics.ts
  - src/sdk/records.ts
  - src/sdk/sdk.ts
  - src/sdk/streams.ts
  - src/types/async.ts
  - src/types/blobs.ts
  - src/types/constdatetime.ts
  - src/types/enums.ts
  - src/types/fp.ts
  - src/types/index.ts
  - src/types/operations.ts
  - src/types/rfcdate.ts
  - src/types/streams.ts
  - tsconfig.json
examples:
  list_access_tokens:
    speakeasy-default-list-access-tokens:
      parameters:
        query:
          prefix: ""
          start_after: ""
          limit: 1000
      responses:
        "200":
          application/json: {"access_tokens": [{"auto_prefix_streams": false, "id": "<id>", "scope": {}}, {"auto_prefix_streams": false, "id": "<id>", "scope": {}}, {"auto_prefix_streams": false, "id": "<id>", "scope": {}}], "has_more": false}
        "400":
          application/json: {"message": "<value>"}
        "499":
          application/json: {"error": "<value>"}
        "500":
          application/json: {"error": "<value>"}
  issue_access_token:
    speakeasy-default-issue-access-token:
      requestBody:
        application/json: {"auto_prefix_streams": false, "id": "<id>", "scope": {}}
      responses:
        "201":
          application/json: {"access_token": "<value>"}
        "400":
          application/json: {"message": "<value>"}
        "499":
          application/json: {"error": "<value>"}
        "500":
          application/json: {"error": "<value>"}
  revoke_access_token:
    speakeasy-default-revoke-access-token:
      parameters:
        path:
          id: "<id>"
      responses:
        "400":
          application/json: {"message": "<value>"}
        "499":
          application/json: {"error": "<value>"}
        "500":
          application/json: {"error": "<value>"}
  list_basins:
    speakeasy-default-list-basins:
      parameters:
        query:
          prefix: ""
          start_after: ""
          limit: 1000
      responses:
        "200":
          application/json: {"basins": [{"name": "<value>", "scope": "aws:us-east-1", "state": "active"}, {"name": "<value>", "scope": "aws:us-east-1", "state": "active"}, {"name": "<value>", "scope": "aws:us-east-1", "state": "active"}], "has_more": false}
        "400":
          application/json: {"message": "<value>"}
        "499":
          application/json: {"error": "<value>"}
        "500":
          application/json: {"error": "<value>"}
  create_basin:
    speakeasy-default-create-basin:
      requestBody:
        application/json: {"basin": "<value>"}
      responses:
        "201":
          application/json: {"name": "<value>", "scope": "aws:us-east-1", "state": "deleting"}
        "400":
          application/json: {"message": "<value>"}
        "499":
          application/json: {"error": "<value>"}
        "500":
          application/json: {"error": "<value>"}
  get_basin_config:
    speakeasy-default-get-basin-config:
      parameters:
        path:
          basin: "<value>"
      responses:
        "200":
          application/json: {}
        "400":
          application/json: {"message": "<value>"}
        "499":
          application/json: {"error": "<value>"}
        "500":
          application/json: {"error": "<value>"}
  create_or_reconfigure_basin:
    speakeasy-default-create-or-reconfigure-basin:
      parameters:
        path:
          basin: "<value>"
        header: {}
      responses:
        "201":
          application/json: {"name": "<value>", "scope": "aws:us-east-1", "state": "active"}
        "400":
          application/json: {"message": "<value>"}
        "499":
          application/json: {"error": "<value>"}
        "500":
          application/json: {"error": "<value>"}
  delete_basin:
    speakeasy-default-delete-basin:
      parameters:
        path:
          basin: "<value>"
      responses:
        "400":
          application/json: {"message": "<value>"}
        "404":
          application/json: {"error": "<value>"}
        "499":
          application/json: {"error": "<value>"}
        "500":
          application/json: {"error": "<value>"}
  reconfigure_basin:
    speakeasy-default-reconfigure-basin:
      parameters:
        path:
          basin: "<value>"
      requestBody:
        application/json: {}
      responses:
        "200":
          application/json: {}
        "400":
          application/json: {"message": "<value>"}
        "499":
          application/json: {"error": "<value>"}
        "500":
          application/json: {"error": "<value>"}
  list_streams:
    speakeasy-default-list-streams:
      parameters:
        query:
          prefix: ""
          start_after: ""
          limit: 1000
        header:
          s2-basin: "<value>"
      responses:
        "200":
          application/json: {"has_more": true, "streams": [{"created_at": "<value>", "name": "<value>"}, {"created_at": "<value>", "name": "<value>"}, {"created_at": "<value>", "name": "<value>"}]}
        "400":
          application/json: {"message": "<value>"}
        "499":
          application/json: {"error": "<value>"}
        "500":
          application/json: {"error": "<value>"}
  create_stream:
    speakeasy-default-create-stream:
      parameters:
        header:
          s2-basin: "<value>"
      requestBody:
        application/json: {"stream": "<value>"}
      responses:
        "201":
          application/json: {"created_at": "<value>", "name": "<value>"}
        "400":
          application/json: {"message": "<value>"}
        "499":
          application/json: {"error": "<value>"}
        "500":
          application/json: {"error": "<value>"}
  get_stream_config:
    speakeasy-default-get-stream-config:
      parameters:
        path:
          stream: "<value>"
        header:
          s2-basin: "<value>"
      responses:
        "200":
          application/json: {}
        "400":
          application/json: {"message": "<value>"}
        "499":
          application/json: {"error": "<value>"}
        "500":
          application/json: {"error": "<value>"}
  create_or_reconfigure_stream:
    speakeasy-default-create-or-reconfigure-stream:
      parameters:
        path:
          stream: "<value>"
        header:
          s2-basin: "<value>"
      responses:
        "201":
          application/json: {"created_at": "<value>", "name": "<value>"}
        "400":
          application/json: {"message": "<value>"}
        "499":
          application/json: {"error": "<value>"}
        "500":
          application/json: {"error": "<value>"}
  delete_stream:
    speakeasy-default-delete-stream:
      parameters:
        path:
          stream: "<value>"
        header:
          s2-basin: "<value>"
      responses:
        "400":
          application/json: {"message": "<value>"}
        "404":
          application/json: {"error": "<value>"}
        "499":
          application/json: {"error": "<value>"}
        "500":
          application/json: {"error": "<value>"}
  reconfigure_stream:
    speakeasy-default-reconfigure-stream:
      parameters:
        path:
          stream: "<value>"
        header:
          s2-basin: "<value>"
      requestBody:
        application/json: {}
      responses:
        "200":
          application/json: {}
        "400":
          application/json: {"message": "<value>"}
        "499":
          application/json: {"error": "<value>"}
        "500":
          application/json: {"error": "<value>"}
  read:
    speakeasy-default-read:
      parameters:
        path:
          stream: "<value>"
        query: {}
        header:
          s2-basin: "<value>"
      responses:
        "200":
          application/json: {"records": [{"body": "", "seq_num": 726908, "timestamp": 537175}]}
        "400":
          application/json: {"message": "<value>"}
        "416":
          application/json: {"tail": {"seq_num": 297326, "timestamp": 934740}}
        "499":
          application/json: {"error": "<value>"}
        "500":
          application/json: {"message": "<value>"}
  append:
    speakeasy-default-append:
      parameters:
        path:
          stream: "<value>"
        header:
          s2-basin: "<value>"
      requestBody:
        application/json: {"records": [{}, {}]}
      responses:
        "200":
          application/json: {"end": {"seq_num": 955507, "timestamp": 515119}, "start": {"seq_num": 141999, "timestamp": 468943}, "tail": {"seq_num": 543056, "timestamp": 568743}}
        "400":
          application/json: {"message": "<value>"}
        "412":
          application/json: {"seq_num_mismatch": 955507}
        "499":
          application/json: {"error": "<value>"}
        "500":
          application/json: {"message": "<value>"}
  check_tail:
    speakeasy-default-check-tail:
      parameters:
        path:
          stream: "<value>"
        header:
          s2-basin: "<value>"
      responses:
        "200":
          application/json: {"tail": {"seq_num": 552218, "timestamp": 574770}}
        "400":
          application/json: {"message": "<value>"}
        "499":
          application/json: {"error": "<value>"}
        "500":
          application/json: {"message": "<value>"}
  account_metrics:
    speakeasy-default-account-metrics:
      parameters:
        query:
          set: "account_ops"
      responses:
        "200":
          application/json: {"values": [{"gauge": {"name": "<value>", "unit": "operations", "values": []}}, {"label": {"name": "<value>", "values": ["<value 1>", "<value 2>"]}}]}
        "400":
          application/json: {"message": "<value>"}
  basin_metrics:
    speakeasy-default-basin-metrics:
      parameters:
        path:
          basin: "<value>"
        query:
          set: "storage"
      responses:
        "200":
          application/json: {"values": [{"scalar": {"name": "<value>", "unit": "operations", "value": 9897.85}}, {"label": {"name": "<value>", "values": ["<value 1>"]}}]}
        "400":
          application/json: {"message": "<value>"}
  stream_metrics:
    speakeasy-default-stream-metrics:
      parameters:
        path:
          basin: "<value>"
          stream: "<value>"
      responses:
        "200":
          application/json: {"values": [{"scalar": {"name": "<value>", "unit": "operations", "value": 7152.04}}, {"label": {"name": "<value>", "values": ["<value 1>", "<value 2>"]}}]}
        "400":
          application/json: {"message": "<value>"}
examplesVersion: 1.0.2
generatedTests: {}
