speakeasyVersion: 1.517.3
sources:
    S2 API:
        sourceNamespace: s-2-api
        sourceRevisionDigest: sha256:72221ac513bd15d6f2c14bed0f9583d721661fbb2833ef689dafbe0a34993f10
        sourceBlobDigest: sha256:60e2a32c996691c31c7f94bebe0d4264586dca4e02a0322b34b4c67029099c71
        tags:
            - latest
            - speakeasy-sdk-regen-1741911598
            - 1.0.0
targets:
    streamstore:
        source: S2 API
        sourceNamespace: s-2-api
        sourceRevisionDigest: sha256:72221ac513bd15d6f2c14bed0f9583d721661fbb2833ef689dafbe0a34993f10
        sourceBlobDigest: sha256:60e2a32c996691c31c7f94bebe0d4264586dca4e02a0322b34b4c67029099c71
        codeSamplesNamespace: s-2-api-typescript-code-samples
        codeSamplesRevisionDigest: sha256:1e2135f954ac405a3d13ea0953de998c4ea55ab3e1f75ca74f7974e8ec078630
workflow:
    workflowVersion: 1.0.0
    speakeasyVersion: latest
    sources:
        S2 API:
            inputs:
                - location: https://raw.githubusercontent.com/s2-streamstore/s2-protos/refs/heads/main/s2/v1alpha/openapi.json
            overlays:
                - location: overlay.yaml
            registry:
                location: registry.speakeasyapi.dev/stream-store/s2/s-2-api
    targets:
        streamstore:
            target: typescript
            source: S2 API
            publish:
                npm:
                    token: $npm_token
            codeSamples:
                registry:
                    location: registry.speakeasyapi.dev/stream-store/s2/s-2-api-typescript-code-samples
                labelOverride:
                    fixedValue: Typescript (SDK)
                blocking: false
