speakeasyVersion: 1.526.0
sources:
    S2 API:
        sourceNamespace: s-2-api
        sourceRevisionDigest: sha256:f1d83361916b35822f541e0a01c355dde95ef6e49e35e64fd3d4cf7deb9e4aa2
        sourceBlobDigest: sha256:9d293d7de1fd49273a04610c968cb7bc5b2523af81c04810beb7fb327eb20b42
        tags:
            - latest
            - speakeasy-sdk-regen-1743207618
            - 1.0.0
targets:
    streamstore:
        source: S2 API
        sourceNamespace: s-2-api
        sourceRevisionDigest: sha256:f1d83361916b35822f541e0a01c355dde95ef6e49e35e64fd3d4cf7deb9e4aa2
        sourceBlobDigest: sha256:9d293d7de1fd49273a04610c968cb7bc5b2523af81c04810beb7fb327eb20b42
        codeSamplesNamespace: s-2-api-typescript-code-samples
        codeSamplesRevisionDigest: sha256:8574a5eb372a1e15b92defed0cee747557e9c0541a2b0d8e4ff1348f7112f24b
workflow:
    workflowVersion: 1.0.0
    speakeasyVersion: latest
    sources:
        S2 API:
            inputs:
                - location: https://raw.githubusercontent.com/s2-streamstore/s2-protos/refs/heads/main/s2/v1alpha/openapi.json
            overlays:
                - location: overlay.yaml
            registry:
                location: registry.speakeasyapi.dev/stream-store/s2/s-2-api
    targets:
        streamstore:
            target: typescript
            source: S2 API
            publish:
                npm:
                    token: $npm_token
            codeSamples:
                registry:
                    location: registry.speakeasyapi.dev/stream-store/s2/s-2-api-typescript-code-samples
                labelOverride:
                    fixedValue: Typescript (SDK)
                blocking: false
